
Microsoft Visual Studio Solution File, Format Version 12.00
# Visual Studio 2013
VisualStudioVersion = 12.0.40629.0
MinimumVisualStudioVersion = 10.0.40219.1
Project("{FAE04EC0-301F-11D3-BF4B-00C04F79EFBC}") = "LoadModules.Extensions.Python", "Python\LoadModules.Extensions.Python\LoadModules.Extensions.Python.csproj", "{788BB60B-2FAD-4A26-B772-AEE27CEDAE47}"
EndProject
Project("{FAE04EC0-301F-11D3-BF4B-00C04F79EFBC}") = "LoadModules.Extensions.Python.Tests", "Python\LoadModules.Extensions.Python.Tests\LoadModules.Extensions.Python.Tests.csproj", "{3EF322F4-027C-44EC-B079-2623F28BB315}"
EndProject
Project("{FAE04EC0-301F-11D3-BF4B-00C04F79EFBC}") = "LoadModules.Extensions.Interactive", "Interactive\LoadModules.Extensions.Interactive\LoadModules.Extensions.Interactive.csproj", "{AF23E2B7-B1F5-4B19-AF06-40D41300D130}"
EndProject
Project("{FAE04EC0-301F-11D3-BF4B-00C04F79EFBC}") = "LoadModules.Extensions.Interactive.Tests", "Interactive\LoadModules.Extensions.Interactive.Tests\LoadModules.Extensions.Interactive.Tests.csproj", "{6806FDE2-5D56-407B-AADE-0018F40EC0C0}"
EndProject
Project("{FAE04EC0-301F-11D3-BF4B-00C04F79EFBC}") = "LoadModules.Extensions.AutomationPlugins", "AutomationPlugins\LoadModules.Extensions.AutomationPlugins\LoadModules.Extensions.AutomationPlugins.csproj", "{8F20577C-A47A-4F39-AC1F-092B15E36C63}"
EndProject
Project("{FAE04EC0-301F-11D3-BF4B-00C04F79EFBC}") = "LoadModules.Extensions.AutomationPlugins.Tests", "AutomationPlugins\LoadModules.Extensions.AutomationPlugins.Tests\LoadModules.Extensions.AutomationPlugins.Tests.csproj", "{B0DB49EE-BF4E-4124-83F5-9FB57CA35471}"
EndProject
Project("{FAE04EC0-301F-11D3-BF4B-00C04F79EFBC}") = "LoadModules.Extensions.AutomationPlugins.Database", "AutomationPlugins\LoadModules.Extensions.AutomationPlugins.Database\LoadModules.Extensions.AutomationPlugins.Database.csproj", "{B7BD2A84-D440-4B1A-849D-D55284997D55}"
EndProject
Project("{FAE04EC0-301F-11D3-BF4B-00C04F79EFBC}") = "LoadModules.Extensions.AutomationPluginsUIs", "AutomationPlugins\LoadModules.Extensions.AutomationPluginsUIs\LoadModules.Extensions.AutomationPluginsUIs.csproj", "{24F510E5-B905-4F59-97B6-337A4638A85E}"
EndProject
Project("{2150E333-8FDC-42A3-9474-1A3956D46DE8}") = "Python", "Python", "{9E47A57B-7897-4695-BFF4-F659539DCB87}"
EndProject
Project("{2150E333-8FDC-42A3-9474-1A3956D46DE8}") = "Interactive", "Interactive", "{51106FEA-BB21-4871-B58B-B47D5E1CBAA9}"
EndProject
Project("{2150E333-8FDC-42A3-9474-1A3956D46DE8}") = "AutomationPlugins", "AutomationPlugins", "{288BB105-95F0-4FE1-B23E-1514AEEEEEE8}"
EndProject
Project("{2150E333-8FDC-42A3-9474-1A3956D46DE8}") = "ReleasePlugins", "ReleasePlugins", "{265A5533-4AFA-4D1C-8A8B-5359ADD90E2F}"
EndProject
Project("{FAE04EC0-301F-11D3-BF4B-00C04F79EFBC}") = "LoadModules.Extensions.ReleasePlugins", "ReleasePlugins\LoadModules.Extensions.ReleasePlugins\LoadModules.Extensions.ReleasePlugins.csproj", "{967AE45A-1DE2-4E8B-B1F1-BC42B73F5E8D}"
EndProject
Project("{FAE04EC0-301F-11D3-BF4B-00C04F79EFBC}") = "LoadModules.Extensions.ReleasePlugins.Database", "ReleasePlugins\LoadModules.Extensions.ReleasePlugins.Database\LoadModules.Extensions.ReleasePlugins.Database.csproj", "{F0D66F33-9418-49C7-B07D-BF853179BB96}"
EndProject
Project("{911E67C6-3D85-4FCE-B560-20A9C3E3FF48}") = "ResearchDataManagementPlatform", "..\RDMP\Application\ResearchDataManagementPlatform\bin\Debug\ResearchDataManagementPlatform.exe", "{8C6E20C7-9425-4EBF-B1BA-6D8CDAE009F1}"
	ProjectSection(DebuggerProjectSystem) = preProject
		PortSupplier = 00000000-0000-0000-0000-000000000000
		Executable = E:\RDMP\Application\ResearchDataManagementPlatform\bin\Debug\ResearchDataManagementPlatform.exe
		RemoteMachine = THOMASNINDPC
		StartingDirectory = E:\RDMP\Application\ResearchDataManagementPlatform\bin\Debug
		Environment = Default
		LaunchingEngine = 00000000-0000-0000-0000-000000000000
		UseLegacyDebugEngines = No
		LaunchSQLEngine = No
		AttachLaunchAction = No
	EndProjectSection
EndProject
Global
	GlobalSection(SolutionConfigurationPlatforms) = preSolution
		Debug|Any CPU = Debug|Any CPU
		Release|Any CPU = Release|Any CPU
	EndGlobalSection
	GlobalSection(ProjectConfigurationPlatforms) = postSolution
		{788BB60B-2FAD-4A26-B772-AEE27CEDAE47}.Debug|Any CPU.ActiveCfg = Debug|Any CPU
		{788BB60B-2FAD-4A26-B772-AEE27CEDAE47}.Debug|Any CPU.Build.0 = Debug|Any CPU
		{788BB60B-2FAD-4A26-B772-AEE27CEDAE47}.Release|Any CPU.ActiveCfg = Release|Any CPU
		{788BB60B-2FAD-4A26-B772-AEE27CEDAE47}.Release|Any CPU.Build.0 = Release|Any CPU
		{3EF322F4-027C-44EC-B079-2623F28BB315}.Debug|Any CPU.ActiveCfg = Debug|Any CPU
		{3EF322F4-027C-44EC-B079-2623F28BB315}.Debug|Any CPU.Build.0 = Debug|Any CPU
		{3EF322F4-027C-44EC-B079-2623F28BB315}.Release|Any CPU.ActiveCfg = Release|Any CPU
		{3EF322F4-027C-44EC-B079-2623F28BB315}.Release|Any CPU.Build.0 = Release|Any CPU
		{AF23E2B7-B1F5-4B19-AF06-40D41300D130}.Debug|Any CPU.ActiveCfg = Debug|Any CPU
		{AF23E2B7-B1F5-4B19-AF06-40D41300D130}.Debug|Any CPU.Build.0 = Debug|Any CPU
		{AF23E2B7-B1F5-4B19-AF06-40D41300D130}.Release|Any CPU.ActiveCfg = Release|Any CPU
		{AF23E2B7-B1F5-4B19-AF06-40D41300D130}.Release|Any CPU.Build.0 = Release|Any CPU
		{6806FDE2-5D56-407B-AADE-0018F40EC0C0}.Debug|Any CPU.ActiveCfg = Debug|Any CPU
		{6806FDE2-5D56-407B-AADE-0018F40EC0C0}.Debug|Any CPU.Build.0 = Debug|Any CPU
		{6806FDE2-5D56-407B-AADE-0018F40EC0C0}.Release|Any CPU.ActiveCfg = Release|Any CPU
		{6806FDE2-5D56-407B-AADE-0018F40EC0C0}.Release|Any CPU.Build.0 = Release|Any CPU
		{8F20577C-A47A-4F39-AC1F-092B15E36C63}.Debug|Any CPU.ActiveCfg = Debug|Any CPU
		{8F20577C-A47A-4F39-AC1F-092B15E36C63}.Debug|Any CPU.Build.0 = Debug|Any CPU
		{8F20577C-A47A-4F39-AC1F-092B15E36C63}.Release|Any CPU.ActiveCfg = Release|Any CPU
		{8F20577C-A47A-4F39-AC1F-092B15E36C63}.Release|Any CPU.Build.0 = Release|Any CPU
		{B0DB49EE-BF4E-4124-83F5-9FB57CA35471}.Debug|Any CPU.ActiveCfg = Debug|Any CPU
		{B0DB49EE-BF4E-4124-83F5-9FB57CA35471}.Debug|Any CPU.Build.0 = Debug|Any CPU
		{B0DB49EE-BF4E-4124-83F5-9FB57CA35471}.Release|Any CPU.ActiveCfg = Release|Any CPU
		{B0DB49EE-BF4E-4124-83F5-9FB57CA35471}.Release|Any CPU.Build.0 = Release|Any CPU
		{B7BD2A84-D440-4B1A-849D-D55284997D55}.Debug|Any CPU.ActiveCfg = Debug|Any CPU
		{B7BD2A84-D440-4B1A-849D-D55284997D55}.Debug|Any CPU.Build.0 = Debug|Any CPU
		{B7BD2A84-D440-4B1A-849D-D55284997D55}.Release|Any CPU.ActiveCfg = Release|Any CPU
		{B7BD2A84-D440-4B1A-849D-D55284997D55}.Release|Any CPU.Build.0 = Release|Any CPU
		{24F510E5-B905-4F59-97B6-337A4638A85E}.Debug|Any CPU.ActiveCfg = Debug|Any CPU
		{24F510E5-B905-4F59-97B6-337A4638A85E}.Debug|Any CPU.Build.0 = Debug|Any CPU
		{24F510E5-B905-4F59-97B6-337A4638A85E}.Release|Any CPU.ActiveCfg = Release|Any CPU
		{24F510E5-B905-4F59-97B6-337A4638A85E}.Release|Any CPU.Build.0 = Release|Any CPU
		{967AE45A-1DE2-4E8B-B1F1-BC42B73F5E8D}.Debug|Any CPU.ActiveCfg = Debug|Any CPU
		{967AE45A-1DE2-4E8B-B1F1-BC42B73F5E8D}.Debug|Any CPU.Build.0 = Debug|Any CPU
		{967AE45A-1DE2-4E8B-B1F1-BC42B73F5E8D}.Release|Any CPU.ActiveCfg = Release|Any CPU
		{967AE45A-1DE2-4E8B-B1F1-BC42B73F5E8D}.Release|Any CPU.Build.0 = Release|Any CPU
		{F0D66F33-9418-49C7-B07D-BF853179BB96}.Debug|Any CPU.ActiveCfg = Debug|Any CPU
		{F0D66F33-9418-49C7-B07D-BF853179BB96}.Debug|Any CPU.Build.0 = Debug|Any CPU
		{F0D66F33-9418-49C7-B07D-BF853179BB96}.Release|Any CPU.ActiveCfg = Release|Any CPU
		{F0D66F33-9418-49C7-B07D-BF853179BB96}.Release|Any CPU.Build.0 = Release|Any CPU
		{8C6E20C7-9425-4EBF-B1BA-6D8CDAE009F1}.Debug|Any CPU.ActiveCfg = Debug
		{8C6E20C7-9425-4EBF-B1BA-6D8CDAE009F1}.Release|Any CPU.ActiveCfg = Debug
	EndGlobalSection
	GlobalSection(SolutionProperties) = preSolution
		HideSolutionNode = FALSE
	EndGlobalSection
	GlobalSection(NestedProjects) = preSolution
		{788BB60B-2FAD-4A26-B772-AEE27CEDAE47} = {9E47A57B-7897-4695-BFF4-F659539DCB87}
		{3EF322F4-027C-44EC-B079-2623F28BB315} = {9E47A57B-7897-4695-BFF4-F659539DCB87}
		{AF23E2B7-B1F5-4B19-AF06-40D41300D130} = {51106FEA-BB21-4871-B58B-B47D5E1CBAA9}
		{6806FDE2-5D56-407B-AADE-0018F40EC0C0} = {51106FEA-BB21-4871-B58B-B47D5E1CBAA9}
		{8F20577C-A47A-4F39-AC1F-092B15E36C63} = {288BB105-95F0-4FE1-B23E-1514AEEEEEE8}
		{B0DB49EE-BF4E-4124-83F5-9FB57CA35471} = {288BB105-95F0-4FE1-B23E-1514AEEEEEE8}
		{B7BD2A84-D440-4B1A-849D-D55284997D55} = {288BB105-95F0-4FE1-B23E-1514AEEEEEE8}
		{24F510E5-B905-4F59-97B6-337A4638A85E} = {288BB105-95F0-4FE1-B23E-1514AEEEEEE8}
		{967AE45A-1DE2-4E8B-B1F1-BC42B73F5E8D} = {265A5533-4AFA-4D1C-8A8B-5359ADD90E2F}
		{F0D66F33-9418-49C7-B07D-BF853179BB96} = {265A5533-4AFA-4D1C-8A8B-5359ADD90E2F}
	EndGlobalSection
EndGlobal
